
Microsoft Visual Studio Solution File, Format Version 12.00
# Visual Studio 15
Project("{FAE04EC0-301F-11D3-BF4B-00C04F79EFBC}") = "Google.XR.Cardboard", "Google.XR.Cardboard.csproj", "{8380FB6F-A283-3371-20C3-493CD563C6B0}"
EndProject
Project("{FAE04EC0-301F-11D3-BF4B-00C04F79EFBC}") = "Assembly-CSharp", "Assembly-CSharp.csproj", "{B5BC4700-ACEB-A549-56ED-23458FE88DE4}"
EndProject
Project("{FAE04EC0-301F-11D3-BF4B-00C04F79EFBC}") = "Google.XR.Cardboard.Editor", "Google.XR.Cardboard.Editor.csproj", "{83D954C6-9C05-5279-080A-7C33F9C4CDA6}"
EndProject
Global
	GlobalSection(SolutionConfigurationPlatforms) = preSolution
		Debug|Any CPU = Debug|Any CPU
		Release|Any CPU = Release|Any CPU
	EndGlobalSection
	GlobalSection(ProjectConfigurationPlatforms) = postSolution
		{8380FB6F-A283-3371-20C3-493CD563C6B0}.Debug|Any CPU.ActiveCfg = Debug|Any CPU
		{8380FB6F-A283-3371-20C3-493CD563C6B0}.Debug|Any CPU.Build.0 = Debug|Any CPU
		{8380FB6F-A283-3371-20C3-493CD563C6B0}.Release|Any CPU.ActiveCfg = Release|Any CPU
		{8380FB6F-A283-3371-20C3-493CD563C6B0}.Release|Any CPU.Build.0 = Release|Any CPU
		{B5BC4700-ACEB-A549-56ED-23458FE88DE4}.Debug|Any CPU.ActiveCfg = Debug|Any CPU
		{B5BC4700-ACEB-A549-56ED-23458FE88DE4}.Debug|Any CPU.Build.0 = Debug|Any CPU
		{B5BC4700-ACEB-A549-56ED-23458FE88DE4}.Release|Any CPU.ActiveCfg = Release|Any CPU
		{B5BC4700-ACEB-A549-56ED-23458FE88DE4}.Release|Any CPU.Build.0 = Release|Any CPU
		{83D954C6-9C05-5279-080A-7C33F9C4CDA6}.Debug|Any CPU.ActiveCfg = Debug|Any CPU
		{83D954C6-9C05-5279-080A-7C33F9C4CDA6}.Debug|Any CPU.Build.0 = Debug|Any CPU
		{83D954C6-9C05-5279-080A-7C33F9C4CDA6}.Release|Any CPU.ActiveCfg = Release|Any CPU
		{83D954C6-9C05-5279-080A-7C33F9C4CDA6}.Release|Any CPU.Build.0 = Release|Any CPU
	EndGlobalSection
	GlobalSection(SolutionProperties) = preSolution
		HideSolutionNode = FALSE
	EndGlobalSection
EndGlobal
